
Microsoft Visual Studio Solution File, Format Version 12.00
# Visual Studio Version 17
VisualStudioVersion = 17.14.36717.8
MinimumVisualStudioVersion = 10.0.40219.1
Project("{2150E333-8FDC-42A3-9474-1A3956D46DE8}") = "UserService", "UserService", "{02EA681E-C7D8-13C7-8484-4AC65E1B71E8}"
EndProject
Project("{FAE04EC0-301F-11D3-BF4B-00C04F79EFBC}") = "UserService.WebAPI", "UserWebAPI\UserService.WebAPI.csproj", "{5695C5A5-14AA-4B02-BF26-47AD2EFBD3F9}"
EndProject
Project("{FAE04EC0-301F-11D3-BF4B-00C04F79EFBC}") = "UserService.Domain", "UserModules\UserService.Domain.csproj", "{332C9782-CA77-4EF9-A1D3-98246142EE6C}"
EndProject
Project("{FAE04EC0-301F-11D3-BF4B-00C04F79EFBC}") = "UserService.Application", "UserServices\UserService.Application.csproj", "{E953F2CD-97B5-4E79-9F0F-0CB6F5DC779E}"
EndProject
Project("{FAE04EC0-301F-11D3-BF4B-00C04F79EFBC}") = "UserService.Infrastructure", "UserInfrastructure\UserService.Infrastructure.csproj", "{22932E93-A9A4-4AC4-8B9F-3513573D37BB}"
EndProject
Project("{FAE04EC0-301F-11D3-BF4B-00C04F79EFBC}") = "Shared", "Shared\Shared.csproj", "{371121DA-2F3D-4E50-995B-3D60E8008286}"
EndProject
Project("{FAE04EC0-301F-11D3-BF4B-00C04F79EFBC}") = "ParkingService.WebAPI", "ParkingService\ParkingService.WebAPI.csproj", "{5172C113-1AF1-4219-A2EB-1BD6FC790E99}"
EndProject
Project("{2150E333-8FDC-42A3-9474-1A3956D46DE8}") = "ParkingService", "ParkingService", "{F1F17993-51C3-447E-848A-C39F8043C9E5}"
EndProject
Project("{FAE04EC0-301F-11D3-BF4B-00C04F79EFBC}") = "ParkingService.Infrastructure", "ParkingService.Infrastructure\ParkingService.Infrastructure.csproj", "{BFFD82F6-C409-4EE2-A2C2-2196FE835A70}"
EndProject
Project("{FAE04EC0-301F-11D3-BF4B-00C04F79EFBC}") = "ParkingService.Domain", "ParkingService.Domain\ParkingService.Domain.csproj", "{6FC0FFD8-8770-428D-B633-36D4B80558CD}"
EndProject
Project("{FAE04EC0-301F-11D3-BF4B-00C04F79EFBC}") = "ParkingService.Application", "ParkingService.Application\ParkingService.Application.csproj", "{4529010F-4813-4CE6-9E65-F0EC20DEAFAB}"
EndProject
Project("{2150E333-8FDC-42A3-9474-1A3956D46DE8}") = "NotificationService", "NotificationService", "{F6C69584-9B4B-4FAC-BFF5-84DD13EB0FAE}"
EndProject
Project("{FAE04EC0-301F-11D3-BF4B-00C04F79EFBC}") = "NotificationService.WebAPI", "NotificationService.WebAPI\NotificationService.WebAPI.csproj", "{8FCBAE3E-2E89-421E-8A2A-A8F1ACBB8417}"
EndProject
Project("{FAE04EC0-301F-11D3-BF4B-00C04F79EFBC}") = "NotificationService.Domain", "NotificationService.Domain\NotificationService.Domain.csproj", "{DDB08749-A92B-4D45-AE17-6D74E0ADC33E}"
EndProject
Project("{FAE04EC0-301F-11D3-BF4B-00C04F79EFBC}") = "NotificationService.Application", "NotificationService.Application\NotificationService.Application.csproj", "{C7FD8CC7-9E35-4BCD-9C39-5F1EE325C3FF}"
EndProject
Project("{FAE04EC0-301F-11D3-BF4B-00C04F79EFBC}") = "NotificationService.Infrastructure", "NotificationService.Infrastructure\NotificationService.Infrastructure.csproj", "{0DEC6DC2-4A53-4833-90C3-FF6BCCFCAA24}"
EndProject
Project("{2150E333-8FDC-42A3-9474-1A3956D46DE8}") = "PaymentService", "PaymentService", "{E9D9B1DF-A608-4749-BB07-D15AEECE3C15}"
EndProject
Project("{FAE04EC0-301F-11D3-BF4B-00C04F79EFBC}") = "PaymentService.WebAPI", "PaymentService.WebAPI\PaymentService.WebAPI.csproj", "{A27ADA7B-2206-40FA-B95B-1B347EAA0F00}"
EndProject
Project("{FAE04EC0-301F-11D3-BF4B-00C04F79EFBC}") = "PaymentService.Domain", "PaymentService.Domain\PaymentService.Domain.csproj", "{CE405F06-CA3B-4039-A9C7-17B6AFACF562}"
EndProject
Project("{FAE04EC0-301F-11D3-BF4B-00C04F79EFBC}") = "PaymentService.Application", "PaymentService.Application\PaymentService.Application.csproj", "{CD83768B-3CF3-4658-BCA0-A0813E52C564}"
EndProject
Project("{FAE04EC0-301F-11D3-BF4B-00C04F79EFBC}") = "PaymentService.Infrastructure", "PaymentService.Infrastructure\PaymentService.Infrastructure.csproj", "{E9F02C5F-7206-4643-83FF-011E30F7CF60}"
EndProject
Project("{2150E333-8FDC-42A3-9474-1A3956D46DE8}") = "ReportingService", "ReportingService", "{560C262A-99AB-4A50-A0AB-E80D0D69D375}"
EndProject
Project("{FAE04EC0-301F-11D3-BF4B-00C04F79EFBC}") = "ReportingService.WebAPI", "ReportingService.WebAPI\ReportingService.WebAPI.csproj", "{7685AAC6-AA6F-44E5-A681-A2EB06AC149B}"
EndProject
Project("{FAE04EC0-301F-11D3-BF4B-00C04F79EFBC}") = "ReportingService.Domain", "ReportingService.Domain\ReportingService.Domain.csproj", "{F6BF44AC-D796-4D62-A189-AE5A4E084724}"
EndProject
Project("{FAE04EC0-301F-11D3-BF4B-00C04F79EFBC}") = "ReportingService.Application", "ReportingService.Application\ReportingService.Application.csproj", "{5FAA9A25-B34C-4D24-B8DE-2735DDC2166B}"
EndProject
Project("{FAE04EC0-301F-11D3-BF4B-00C04F79EFBC}") = "ReportingService.Infrastructure", "ReportingService.Infrastructure\ReportingService.Infrastructure.csproj", "{D49F5377-7E97-42E0-9F8F-9932E0CF87C0}"
EndProject
Project("{2150E333-8FDC-42A3-9474-1A3956D46DE8}") = "DetectionService", "DetectionService", "{25445DA9-981B-495E-AB57-2B4A2F18CD3A}"
EndProject
Project("{FAE04EC0-301F-11D3-BF4B-00C04F79EFBC}") = "DetectionService.WebAPI", "DetectionService.WebAPI\DetectionService.WebAPI.csproj", "{D46C46AB-1804-465C-88CD-A0E58F79C1E5}"
EndProject
Project("{FAE04EC0-301F-11D3-BF4B-00C04F79EFBC}") = "DetectionService.Domain", "DetectionService.Domain\DetectionService.Domain.csproj", "{6CA96C8C-B506-4CDB-95E0-C02CD52B835E}"
EndProject
Project("{FAE04EC0-301F-11D3-BF4B-00C04F79EFBC}") = "DetectionService.Application", "DetectionService.Application\DetectionService.Application.csproj", "{0811496E-AF2B-4D3E-8D75-AFF57EC1C255}"
EndProject
Project("{FAE04EC0-301F-11D3-BF4B-00C04F79EFBC}") = "DetectionService.Infrastructure", "DetectionService.Infrastructure\DetectionService.Infrastructure.csproj", "{B7EDCE5A-0F48-4A45-BECA-3C2851E148FF}"
EndProject
Project("{E53339B2-1760-4266-BCC7-CA923CBCF16C}") = "docker-compose", "docker-compose.dcproj", "{81DDED9D-158B-E303-5F62-77A2896D2A5A}"
EndProject
Global
	GlobalSection(SolutionConfigurationPlatforms) = preSolution
		Debug|Any CPU = Debug|Any CPU
		Release|Any CPU = Release|Any CPU
	EndGlobalSection
	GlobalSection(ProjectConfigurationPlatforms) = postSolution
		{5695C5A5-14AA-4B02-BF26-47AD2EFBD3F9}.Debug|Any CPU.ActiveCfg = Debug|Any CPU
		{5695C5A5-14AA-4B02-BF26-47AD2EFBD3F9}.Debug|Any CPU.Build.0 = Debug|Any CPU
		{5695C5A5-14AA-4B02-BF26-47AD2EFBD3F9}.Release|Any CPU.ActiveCfg = Release|Any CPU
		{5695C5A5-14AA-4B02-BF26-47AD2EFBD3F9}.Release|Any CPU.Build.0 = Release|Any CPU
		{332C9782-CA77-4EF9-A1D3-98246142EE6C}.Debug|Any CPU.ActiveCfg = Debug|Any CPU
		{332C9782-CA77-4EF9-A1D3-98246142EE6C}.Debug|Any CPU.Build.0 = Debug|Any CPU
		{332C9782-CA77-4EF9-A1D3-98246142EE6C}.Release|Any CPU.ActiveCfg = Release|Any CPU
		{332C9782-CA77-4EF9-A1D3-98246142EE6C}.Release|Any CPU.Build.0 = Release|Any CPU
		{E953F2CD-97B5-4E79-9F0F-0CB6F5DC779E}.Debug|Any CPU.ActiveCfg = Debug|Any CPU
		{E953F2CD-97B5-4E79-9F0F-0CB6F5DC779E}.Debug|Any CPU.Build.0 = Debug|Any CPU
		{E953F2CD-97B5-4E79-9F0F-0CB6F5DC779E}.Release|Any CPU.ActiveCfg = Release|Any CPU
		{E953F2CD-97B5-4E79-9F0F-0CB6F5DC779E}.Release|Any CPU.Build.0 = Release|Any CPU
		{22932E93-A9A4-4AC4-8B9F-3513573D37BB}.Debug|Any CPU.ActiveCfg = Debug|Any CPU
		{22932E93-A9A4-4AC4-8B9F-3513573D37BB}.Debug|Any CPU.Build.0 = Debug|Any CPU
		{22932E93-A9A4-4AC4-8B9F-3513573D37BB}.Release|Any CPU.ActiveCfg = Release|Any CPU
		{22932E93-A9A4-4AC4-8B9F-3513573D37BB}.Release|Any CPU.Build.0 = Release|Any CPU
		{371121DA-2F3D-4E50-995B-3D60E8008286}.Debug|Any CPU.ActiveCfg = Debug|Any CPU
		{371121DA-2F3D-4E50-995B-3D60E8008286}.Debug|Any CPU.Build.0 = Debug|Any CPU
		{371121DA-2F3D-4E50-995B-3D60E8008286}.Release|Any CPU.ActiveCfg = Release|Any CPU
		{371121DA-2F3D-4E50-995B-3D60E8008286}.Release|Any CPU.Build.0 = Release|Any CPU
		{5172C113-1AF1-4219-A2EB-1BD6FC790E99}.Debug|Any CPU.ActiveCfg = Debug|Any CPU
		{5172C113-1AF1-4219-A2EB-1BD6FC790E99}.Debug|Any CPU.Build.0 = Debug|Any CPU
		{5172C113-1AF1-4219-A2EB-1BD6FC790E99}.Release|Any CPU.ActiveCfg = Release|Any CPU
		{5172C113-1AF1-4219-A2EB-1BD6FC790E99}.Release|Any CPU.Build.0 = Release|Any CPU
		{BFFD82F6-C409-4EE2-A2C2-2196FE835A70}.Debug|Any CPU.ActiveCfg = Debug|Any CPU
		{BFFD82F6-C409-4EE2-A2C2-2196FE835A70}.Debug|Any CPU.Build.0 = Debug|Any CPU
		{BFFD82F6-C409-4EE2-A2C2-2196FE835A70}.Release|Any CPU.ActiveCfg = Release|Any CPU
		{BFFD82F6-C409-4EE2-A2C2-2196FE835A70}.Release|Any CPU.Build.0 = Release|Any CPU
		{6FC0FFD8-8770-428D-B633-36D4B80558CD}.Debug|Any CPU.ActiveCfg = Debug|Any CPU
		{6FC0FFD8-8770-428D-B633-36D4B80558CD}.Debug|Any CPU.Build.0 = Debug|Any CPU
		{6FC0FFD8-8770-428D-B633-36D4B80558CD}.Release|Any CPU.ActiveCfg = Release|Any CPU
		{6FC0FFD8-8770-428D-B633-36D4B80558CD}.Release|Any CPU.Build.0 = Release|Any CPU
		{4529010F-4813-4CE6-9E65-F0EC20DEAFAB}.Debug|Any CPU.ActiveCfg = Debug|Any CPU
		{4529010F-4813-4CE6-9E65-F0EC20DEAFAB}.Debug|Any CPU.Build.0 = Debug|Any CPU
		{4529010F-4813-4CE6-9E65-F0EC20DEAFAB}.Release|Any CPU.ActiveCfg = Release|Any CPU
		{4529010F-4813-4CE6-9E65-F0EC20DEAFAB}.Release|Any CPU.Build.0 = Release|Any CPU
		{8FCBAE3E-2E89-421E-8A2A-A8F1ACBB8417}.Debug|Any CPU.ActiveCfg = Debug|Any CPU
		{8FCBAE3E-2E89-421E-8A2A-A8F1ACBB8417}.Debug|Any CPU.Build.0 = Debug|Any CPU
		{8FCBAE3E-2E89-421E-8A2A-A8F1ACBB8417}.Release|Any CPU.ActiveCfg = Release|Any CPU
		{8FCBAE3E-2E89-421E-8A2A-A8F1ACBB8417}.Release|Any CPU.Build.0 = Release|Any CPU
		{DDB08749-A92B-4D45-AE17-6D74E0ADC33E}.Debug|Any CPU.ActiveCfg = Debug|Any CPU
		{DDB08749-A92B-4D45-AE17-6D74E0ADC33E}.Debug|Any CPU.Build.0 = Debug|Any CPU
		{DDB08749-A92B-4D45-AE17-6D74E0ADC33E}.Release|Any CPU.ActiveCfg = Release|Any CPU
		{DDB08749-A92B-4D45-AE17-6D74E0ADC33E}.Release|Any CPU.Build.0 = Release|Any CPU
		{C7FD8CC7-9E35-4BCD-9C39-5F1EE325C3FF}.Debug|Any CPU.ActiveCfg = Debug|Any CPU
		{C7FD8CC7-9E35-4BCD-9C39-5F1EE325C3FF}.Debug|Any CPU.Build.0 = Debug|Any CPU
		{C7FD8CC7-9E35-4BCD-9C39-5F1EE325C3FF}.Release|Any CPU.ActiveCfg = Release|Any CPU
		{C7FD8CC7-9E35-4BCD-9C39-5F1EE325C3FF}.Release|Any CPU.Build.0 = Release|Any CPU
		{0DEC6DC2-4A53-4833-90C3-FF6BCCFCAA24}.Debug|Any CPU.ActiveCfg = Debug|Any CPU
		{0DEC6DC2-4A53-4833-90C3-FF6BCCFCAA24}.Debug|Any CPU.Build.0 = Debug|Any CPU
		{0DEC6DC2-4A53-4833-90C3-FF6BCCFCAA24}.Release|Any CPU.ActiveCfg = Release|Any CPU
		{0DEC6DC2-4A53-4833-90C3-FF6BCCFCAA24}.Release|Any CPU.Build.0 = Release|Any CPU
		{A27ADA7B-2206-40FA-B95B-1B347EAA0F00}.Debug|Any CPU.ActiveCfg = Debug|Any CPU
		{A27ADA7B-2206-40FA-B95B-1B347EAA0F00}.Debug|Any CPU.Build.0 = Debug|Any CPU
		{A27ADA7B-2206-40FA-B95B-1B347EAA0F00}.Release|Any CPU.ActiveCfg = Release|Any CPU
		{A27ADA7B-2206-40FA-B95B-1B347EAA0F00}.Release|Any CPU.Build.0 = Release|Any CPU
		{CE405F06-CA3B-4039-A9C7-17B6AFACF562}.Debug|Any CPU.ActiveCfg = Debug|Any CPU
		{CE405F06-CA3B-4039-A9C7-17B6AFACF562}.Debug|Any CPU.Build.0 = Debug|Any CPU
		{CE405F06-CA3B-4039-A9C7-17B6AFACF562}.Release|Any CPU.ActiveCfg = Release|Any CPU
		{CE405F06-CA3B-4039-A9C7-17B6AFACF562}.Release|Any CPU.Build.0 = Release|Any CPU
		{CD83768B-3CF3-4658-BCA0-A0813E52C564}.Debug|Any CPU.ActiveCfg = Debug|Any CPU
		{CD83768B-3CF3-4658-BCA0-A0813E52C564}.Debug|Any CPU.Build.0 = Debug|Any CPU
		{CD83768B-3CF3-4658-BCA0-A0813E52C564}.Release|Any CPU.ActiveCfg = Release|Any CPU
		{CD83768B-3CF3-4658-BCA0-A0813E52C564}.Release|Any CPU.Build.0 = Release|Any CPU
		{E9F02C5F-7206-4643-83FF-011E30F7CF60}.Debug|Any CPU.ActiveCfg = Debug|Any CPU
		{E9F02C5F-7206-4643-83FF-011E30F7CF60}.Debug|Any CPU.Build.0 = Debug|Any CPU
		{E9F02C5F-7206-4643-83FF-011E30F7CF60}.Release|Any CPU.ActiveCfg = Release|Any CPU
		{E9F02C5F-7206-4643-83FF-011E30F7CF60}.Release|Any CPU.Build.0 = Release|Any CPU
		{7685AAC6-AA6F-44E5-A681-A2EB06AC149B}.Debug|Any CPU.ActiveCfg = Debug|Any CPU
		{7685AAC6-AA6F-44E5-A681-A2EB06AC149B}.Debug|Any CPU.Build.0 = Debug|Any CPU
		{7685AAC6-AA6F-44E5-A681-A2EB06AC149B}.Release|Any CPU.ActiveCfg = Release|Any CPU
		{7685AAC6-AA6F-44E5-A681-A2EB06AC149B}.Release|Any CPU.Build.0 = Release|Any CPU
		{F6BF44AC-D796-4D62-A189-AE5A4E084724}.Debug|Any CPU.ActiveCfg = Debug|Any CPU
		{F6BF44AC-D796-4D62-A189-AE5A4E084724}.Debug|Any CPU.Build.0 = Debug|Any CPU
		{F6BF44AC-D796-4D62-A189-AE5A4E084724}.Release|Any CPU.ActiveCfg = Release|Any CPU
		{F6BF44AC-D796-4D62-A189-AE5A4E084724}.Release|Any CPU.Build.0 = Release|Any CPU
		{5FAA9A25-B34C-4D24-B8DE-2735DDC2166B}.Debug|Any CPU.ActiveCfg = Debug|Any CPU
		{5FAA9A25-B34C-4D24-B8DE-2735DDC2166B}.Debug|Any CPU.Build.0 = Debug|Any CPU
		{5FAA9A25-B34C-4D24-B8DE-2735DDC2166B}.Release|Any CPU.ActiveCfg = Release|Any CPU
		{5FAA9A25-B34C-4D24-B8DE-2735DDC2166B}.Release|Any CPU.Build.0 = Release|Any CPU
		{D49F5377-7E97-42E0-9F8F-9932E0CF87C0}.Debug|Any CPU.ActiveCfg = Debug|Any CPU
		{D49F5377-7E97-42E0-9F8F-9932E0CF87C0}.Debug|Any CPU.Build.0 = Debug|Any CPU
		{D49F5377-7E97-42E0-9F8F-9932E0CF87C0}.Release|Any CPU.ActiveCfg = Release|Any CPU
		{D49F5377-7E97-42E0-9F8F-9932E0CF87C0}.Release|Any CPU.Build.0 = Release|Any CPU
		{D46C46AB-1804-465C-88CD-A0E58F79C1E5}.Debug|Any CPU.ActiveCfg = Debug|Any CPU
		{D46C46AB-1804-465C-88CD-A0E58F79C1E5}.Debug|Any CPU.Build.0 = Debug|Any CPU
		{D46C46AB-1804-465C-88CD-A0E58F79C1E5}.Release|Any CPU.ActiveCfg = Release|Any CPU
		{D46C46AB-1804-465C-88CD-A0E58F79C1E5}.Release|Any CPU.Build.0 = Release|Any CPU
		{6CA96C8C-B506-4CDB-95E0-C02CD52B835E}.Debug|Any CPU.ActiveCfg = Debug|Any CPU
		{6CA96C8C-B506-4CDB-95E0-C02CD52B835E}.Debug|Any CPU.Build.0 = Debug|Any CPU
		{6CA96C8C-B506-4CDB-95E0-C02CD52B835E}.Release|Any CPU.ActiveCfg = Release|Any CPU
		{6CA96C8C-B506-4CDB-95E0-C02CD52B835E}.Release|Any CPU.Build.0 = Release|Any CPU
		{0811496E-AF2B-4D3E-8D75-AFF57EC1C255}.Debug|Any CPU.ActiveCfg = Debug|Any CPU
		{0811496E-AF2B-4D3E-8D75-AFF57EC1C255}.Debug|Any CPU.Build.0 = Debug|Any CPU
		{0811496E-AF2B-4D3E-8D75-AFF57EC1C255}.Release|Any CPU.ActiveCfg = Release|Any CPU
		{0811496E-AF2B-4D3E-8D75-AFF57EC1C255}.Release|Any CPU.Build.0 = Release|Any CPU
		{B7EDCE5A-0F48-4A45-BECA-3C2851E148FF}.Debug|Any CPU.ActiveCfg = Debug|Any CPU
		{B7EDCE5A-0F48-4A45-BECA-3C2851E148FF}.Debug|Any CPU.Build.0 = Debug|Any CPU
		{B7EDCE5A-0F48-4A45-BECA-3C2851E148FF}.Release|Any CPU.ActiveCfg = Release|Any CPU
		{B7EDCE5A-0F48-4A45-BECA-3C2851E148FF}.Release|Any CPU.Build.0 = Release|Any CPU
		{81DDED9D-158B-E303-5F62-77A2896D2A5A}.Debug|Any CPU.ActiveCfg = Debug|Any CPU
		{81DDED9D-158B-E303-5F62-77A2896D2A5A}.Debug|Any CPU.Build.0 = Debug|Any CPU
		{81DDED9D-158B-E303-5F62-77A2896D2A5A}.Release|Any CPU.ActiveCfg = Release|Any CPU
		{81DDED9D-158B-E303-5F62-77A2896D2A5A}.Release|Any CPU.Build.0 = Release|Any CPU
	EndGlobalSection
	GlobalSection(SolutionProperties) = preSolution
		HideSolutionNode = FALSE
	EndGlobalSection
	GlobalSection(NestedProjects) = preSolution
		{5695C5A5-14AA-4B02-BF26-47AD2EFBD3F9} = {02EA681E-C7D8-13C7-8484-4AC65E1B71E8}
		{332C9782-CA77-4EF9-A1D3-98246142EE6C} = {02EA681E-C7D8-13C7-8484-4AC65E1B71E8}
		{E953F2CD-97B5-4E79-9F0F-0CB6F5DC779E} = {02EA681E-C7D8-13C7-8484-4AC65E1B71E8}
		{22932E93-A9A4-4AC4-8B9F-3513573D37BB} = {02EA681E-C7D8-13C7-8484-4AC65E1B71E8}
		{5172C113-1AF1-4219-A2EB-1BD6FC790E99} = {F1F17993-51C3-447E-848A-C39F8043C9E5}
		{BFFD82F6-C409-4EE2-A2C2-2196FE835A70} = {F1F17993-51C3-447E-848A-C39F8043C9E5}
		{6FC0FFD8-8770-428D-B633-36D4B80558CD} = {F1F17993-51C3-447E-848A-C39F8043C9E5}
		{4529010F-4813-4CE6-9E65-F0EC20DEAFAB} = {F1F17993-51C3-447E-848A-C39F8043C9E5}
		{8FCBAE3E-2E89-421E-8A2A-A8F1ACBB8417} = {F6C69584-9B4B-4FAC-BFF5-84DD13EB0FAE}
		{DDB08749-A92B-4D45-AE17-6D74E0ADC33E} = {F6C69584-9B4B-4FAC-BFF5-84DD13EB0FAE}
		{C7FD8CC7-9E35-4BCD-9C39-5F1EE325C3FF} = {F6C69584-9B4B-4FAC-BFF5-84DD13EB0FAE}
		{0DEC6DC2-4A53-4833-90C3-FF6BCCFCAA24} = {F6C69584-9B4B-4FAC-BFF5-84DD13EB0FAE}
		{A27ADA7B-2206-40FA-B95B-1B347EAA0F00} = {E9D9B1DF-A608-4749-BB07-D15AEECE3C15}
		{CE405F06-CA3B-4039-A9C7-17B6AFACF562} = {E9D9B1DF-A608-4749-BB07-D15AEECE3C15}
		{CD83768B-3CF3-4658-BCA0-A0813E52C564} = {E9D9B1DF-A608-4749-BB07-D15AEECE3C15}
		{E9F02C5F-7206-4643-83FF-011E30F7CF60} = {E9D9B1DF-A608-4749-BB07-D15AEECE3C15}
		{7685AAC6-AA6F-44E5-A681-A2EB06AC149B} = {560C262A-99AB-4A50-A0AB-E80D0D69D375}
		{F6BF44AC-D796-4D62-A189-AE5A4E084724} = {560C262A-99AB-4A50-A0AB-E80D0D69D375}
		{5FAA9A25-B34C-4D24-B8DE-2735DDC2166B} = {560C262A-99AB-4A50-A0AB-E80D0D69D375}
		{D49F5377-7E97-42E0-9F8F-9932E0CF87C0} = {560C262A-99AB-4A50-A0AB-E80D0D69D375}
		{D46C46AB-1804-465C-88CD-A0E58F79C1E5} = {25445DA9-981B-495E-AB57-2B4A2F18CD3A}
		{6CA96C8C-B506-4CDB-95E0-C02CD52B835E} = {25445DA9-981B-495E-AB57-2B4A2F18CD3A}
		{0811496E-AF2B-4D3E-8D75-AFF57EC1C255} = {25445DA9-981B-495E-AB57-2B4A2F18CD3A}
		{B7EDCE5A-0F48-4A45-BECA-3C2851E148FF} = {25445DA9-981B-495E-AB57-2B4A2F18CD3A}
	EndGlobalSection
	GlobalSection(ExtensibilityGlobals) = postSolution
		SolutionGuid = {3503B773-8C68-418D-A120-841A7319D88B}
	EndGlobalSection
EndGlobal
